
Microsoft Visual Studio Solution File, Format Version 12.00
# Visual Studio Version 17
VisualStudioVersion = 17.8.34316.72
MinimumVisualStudioVersion = 10.0.40219.1
Project("{FAE04EC0-301F-11D3-BF4B-00C04F79EFBC}") = "HangFireDemo", "HangFireDemo\HangFireDemo.csproj", "{2F85DBC1-1375-45BE-BCE6-C6609F1C3CEE}"
EndProject
Global
	GlobalSection(SolutionConfigurationPlatforms) = preSolution
		Debug|Any CPU = Debug|Any CPU
		Release|Any CPU = Release|Any CPU
	EndGlobalSection
	GlobalSection(ProjectConfigurationPlatforms) = postSolution
		{2F85DBC1-1375-45BE-BCE6-C6609F1C3CEE}.Debug|Any CPU.ActiveCfg = Debug|Any CPU
		{2F85DBC1-1375-45BE-BCE6-C6609F1C3CEE}.Debug|Any CPU.Build.0 = Debug|Any CPU
		{2F85DBC1-1375-45BE-BCE6-C6609F1C3CEE}.Release|Any CPU.ActiveCfg = Release|Any CPU
		{2F85DBC1-1375-45BE-BCE6-C6609F1C3CEE}.Release|Any CPU.Build.0 = Release|Any CPU
	EndGlobalSection
	GlobalSection(SolutionProperties) = preSolution
		HideSolutionNode = FALSE
	EndGlobalSection
	GlobalSection(ExtensibilityGlobals) = postSolution
		SolutionGuid = {165EAAC7-2C6D-4BC5-95A8-20B6EB6573B5}
	EndGlobalSection
EndGlobal
